
Microsoft Visual Studio Solution File, Format Version 12.00
# Visual Studio Version 16
VisualStudioVersion = 16.0.809.6
MinimumVisualStudioVersion = 10.0.40219.1
Project("{FAE04EC0-301F-11D3-BF4B-00C04F79EFBC}") = "C_Sharp_Playground", "C_Sharp_Playground.csproj", "{32EF4086-57CC-495B-ACBC-F96440EB7523}"
EndProject
Global
	GlobalSection(SolutionConfigurationPlatforms) = preSolution
		Debug|Any CPU = Debug|Any CPU
		Release|Any CPU = Release|Any CPU
	EndGlobalSection
	GlobalSection(ProjectConfigurationPlatforms) = postSolution
		{32EF4086-57CC-495B-ACBC-F96440EB7523}.Debug|Any CPU.ActiveCfg = Debug|Any CPU
		{32EF4086-57CC-495B-ACBC-F96440EB7523}.Debug|Any CPU.Build.0 = Debug|Any CPU
		{32EF4086-57CC-495B-ACBC-F96440EB7523}.Release|Any CPU.ActiveCfg = Release|Any CPU
		{32EF4086-57CC-495B-ACBC-F96440EB7523}.Release|Any CPU.Build.0 = Release|Any CPU
	EndGlobalSection
	GlobalSection(SolutionProperties) = preSolution
		HideSolutionNode = FALSE
	EndGlobalSection
	GlobalSection(ExtensibilityGlobals) = postSolution
		SolutionGuid = {7F669118-9E00-40AF-A27C-1CB0A2CB70D8}
	EndGlobalSection
EndGlobal
